
Microsoft Visual Studio Solution File, Format Version 12.00
# Visual Studio 15
VisualStudioVersion = 15.0.27703.2047
MinimumVisualStudioVersion = 10.0.40219.1
Project("{FAE04EC0-301F-11D3-BF4B-00C04F79EFBC}") = "RazorPageExample", "RazorPageExample\RazorPageExample.csproj", "{22D41F91-0ACE-45BE-816F-CCD70893CD8A}"
EndProject
Global
	GlobalSection(SolutionConfigurationPlatforms) = preSolution
		Debug|Any CPU = Debug|Any CPU
		Release|Any CPU = Release|Any CPU
	EndGlobalSection
	GlobalSection(ProjectConfigurationPlatforms) = postSolution
		{22D41F91-0ACE-45BE-816F-CCD70893CD8A}.Debug|Any CPU.ActiveCfg = Debug|Any CPU
		{22D41F91-0ACE-45BE-816F-CCD70893CD8A}.Debug|Any CPU.Build.0 = Debug|Any CPU
		{22D41F91-0ACE-45BE-816F-CCD70893CD8A}.Release|Any CPU.ActiveCfg = Release|Any CPU
		{22D41F91-0ACE-45BE-816F-CCD70893CD8A}.Release|Any CPU.Build.0 = Release|Any CPU
	EndGlobalSection
	GlobalSection(SolutionProperties) = preSolution
		HideSolutionNode = FALSE
	EndGlobalSection
	GlobalSection(ExtensibilityGlobals) = postSolution
		SolutionGuid = {D42C9AF6-4DFB-4858-92D4-072E12CF6F83}
	EndGlobalSection
EndGlobal
